
Microsoft Visual Studio Solution File, Format Version 12.00
# Visual Studio Version 17
VisualStudioVersion = 17.5.002.0
MinimumVisualStudioVersion = 10.0.40219.1
Project("{9A19103F-16F7-4668-BE54-9A1E7A4F7556}") = "etsKombatRevorged", "etsKombatRevorged.csproj", "{F8FA9934-A145-4D95-99DB-7DCB21504F5A}"
EndProject
Global
	GlobalSection(SolutionConfigurationPlatforms) = preSolution
		Debug|Any CPU = Debug|Any CPU
		Release|Any CPU = Release|Any CPU
	EndGlobalSection
	GlobalSection(ProjectConfigurationPlatforms) = postSolution
		{F8FA9934-A145-4D95-99DB-7DCB21504F5A}.Debug|Any CPU.ActiveCfg = Debug|Any CPU
		{F8FA9934-A145-4D95-99DB-7DCB21504F5A}.Debug|Any CPU.Build.0 = Debug|Any CPU
		{F8FA9934-A145-4D95-99DB-7DCB21504F5A}.Release|Any CPU.ActiveCfg = Release|Any CPU
		{F8FA9934-A145-4D95-99DB-7DCB21504F5A}.Release|Any CPU.Build.0 = Release|Any CPU
	EndGlobalSection
	GlobalSection(SolutionProperties) = preSolution
		HideSolutionNode = FALSE
	EndGlobalSection
	GlobalSection(ExtensibilityGlobals) = postSolution
		SolutionGuid = {486E2999-19DA-457C-B9FF-DBE644464D20}
	EndGlobalSection
EndGlobal
